
Microsoft Visual Studio Solution File, Format Version 12.00
# Visual Studio 14
VisualStudioVersion = 14.0.25420.1
MinimumVisualStudioVersion = 10.0.40219.1
Project("{2150E333-8FDC-42A3-9474-1A3956D46DE8}") = "Solution Items", "Solution Items", "{3BA16D1B-BF83-4CFE-A07B-06B8A0BA5D6C}"
	ProjectSection(SolutionItems) = preProject
		README.md = README.md
	EndProjectSection
EndProject
Project("{2150E333-8FDC-42A3-9474-1A3956D46DE8}") = "MultiThread", "MultiThread", "{091446E8-EFBB-4607-8B72-320D27865E90}"
EndProject
Project("{8BC9CEB8-8B4A-11D0-8D11-00A0C91BC942}") = "LocalRef", "LocalRef\LocalRef.vcxproj", "{2B7D46E2-776A-4BC7-A450-B1AD00B75B4E}"
EndProject
Project("{8BC9CEB8-8B4A-11D0-8D11-00A0C91BC942}") = "TempForTest", "TempForTest\TempForTest.vcxproj", "{14772DC6-7B95-47C4-BAB9-9D7A53D5F787}"
EndProject
Project("{2150E333-8FDC-42A3-9474-1A3956D46DE8}") = "ProtoBuf", "ProtoBuf", "{77D15DF6-BE42-448F-8489-8702B77D4B1C}"
EndProject
Project("{2150E333-8FDC-42A3-9474-1A3956D46DE8}") = "GFlags", "GFlags", "{080B746A-21AD-4D76-A59C-9CBCA0712475}"
EndProject
Project("{8BC9CEB8-8B4A-11D0-8D11-00A0C91BC942}") = "GFlags01_Basic", "GFlags01_Basic\GFlags01_Basic.vcxproj", "{5D2BF124-D2A8-41EA-8702-C8798BD9B4ED}"
EndProject
Project("{8BC9CEB8-8B4A-11D0-8D11-00A0C91BC942}") = "ProtoBuf01_ProtoBufBasic", "ProtoBuf01_ProtoBufBasic\ProtoBuf01_ProtoBufBasic.vcxproj", "{AFFEEA06-D704-4736-B981-538EBE61EBC4}"
EndProject
Project("{2150E333-8FDC-42A3-9474-1A3956D46DE8}") = "C++", "C++", "{45C80B40-E9B2-4BE3-AC19-71770617D2B5}"
EndProject
Project("{8BC9CEB8-8B4A-11D0-8D11-00A0C91BC942}") = "Eg03_CopyAndVirtualCopy", "Eg03_CopyAndVirtualCopy\Eg03_CopyAndVirtualCopy.vcxproj", "{F0F920A5-4BD4-409F-9681-1FD0F82B638C}"
EndProject
Project("{8BC9CEB8-8B4A-11D0-8D11-00A0C91BC942}") = "Eg01_Cpp11Basic", "Eg01_Cpp11Basic\Eg01_Cpp11Basic.vcxproj", "{2CAE95E6-1A40-44CF-8866-CE3EF65FEC20}"
EndProject
Project("{8BC9CEB8-8B4A-11D0-8D11-00A0C91BC942}") = "Thread01_ThreadBasic", "Thread01_ThreadBasic\Thread01_ThreadBasic.vcxproj", "{EC581CF3-4A56-4331-8203-25A691A7F81D}"
EndProject
Project("{8BC9CEB8-8B4A-11D0-8D11-00A0C91BC942}") = "Thread02_ThreadVector", "Thread02_ThreadVector\Thread02_ThreadVector.vcxproj", "{31F10704-990B-4CC4-B4AF-A66EBB2CD5E5}"
EndProject
Global
	GlobalSection(SolutionConfigurationPlatforms) = preSolution
		Debug|x64 = Debug|x64
		Debug|x86 = Debug|x86
		Release|x64 = Release|x64
		Release|x86 = Release|x86
	EndGlobalSection
	GlobalSection(ProjectConfigurationPlatforms) = postSolution
		{2B7D46E2-776A-4BC7-A450-B1AD00B75B4E}.Debug|x64.ActiveCfg = Debug|x64
		{2B7D46E2-776A-4BC7-A450-B1AD00B75B4E}.Debug|x64.Build.0 = Debug|x64
		{2B7D46E2-776A-4BC7-A450-B1AD00B75B4E}.Debug|x86.ActiveCfg = Debug|Win32
		{2B7D46E2-776A-4BC7-A450-B1AD00B75B4E}.Debug|x86.Build.0 = Debug|Win32
		{2B7D46E2-776A-4BC7-A450-B1AD00B75B4E}.Release|x64.ActiveCfg = Release|x64
		{2B7D46E2-776A-4BC7-A450-B1AD00B75B4E}.Release|x64.Build.0 = Release|x64
		{2B7D46E2-776A-4BC7-A450-B1AD00B75B4E}.Release|x86.ActiveCfg = Release|Win32
		{2B7D46E2-776A-4BC7-A450-B1AD00B75B4E}.Release|x86.Build.0 = Release|Win32
		{14772DC6-7B95-47C4-BAB9-9D7A53D5F787}.Debug|x64.ActiveCfg = Debug|x64
		{14772DC6-7B95-47C4-BAB9-9D7A53D5F787}.Debug|x64.Build.0 = Debug|x64
		{14772DC6-7B95-47C4-BAB9-9D7A53D5F787}.Debug|x86.ActiveCfg = Debug|Win32
		{14772DC6-7B95-47C4-BAB9-9D7A53D5F787}.Debug|x86.Build.0 = Debug|Win32
		{14772DC6-7B95-47C4-BAB9-9D7A53D5F787}.Release|x64.ActiveCfg = Release|x64
		{14772DC6-7B95-47C4-BAB9-9D7A53D5F787}.Release|x64.Build.0 = Release|x64
		{14772DC6-7B95-47C4-BAB9-9D7A53D5F787}.Release|x86.ActiveCfg = Release|Win32
		{14772DC6-7B95-47C4-BAB9-9D7A53D5F787}.Release|x86.Build.0 = Release|Win32
		{5D2BF124-D2A8-41EA-8702-C8798BD9B4ED}.Debug|x64.ActiveCfg = Debug|x64
		{5D2BF124-D2A8-41EA-8702-C8798BD9B4ED}.Debug|x64.Build.0 = Debug|x64
		{5D2BF124-D2A8-41EA-8702-C8798BD9B4ED}.Debug|x86.ActiveCfg = Debug|Win32
		{5D2BF124-D2A8-41EA-8702-C8798BD9B4ED}.Debug|x86.Build.0 = Debug|Win32
		{5D2BF124-D2A8-41EA-8702-C8798BD9B4ED}.Release|x64.ActiveCfg = Release|x64
		{5D2BF124-D2A8-41EA-8702-C8798BD9B4ED}.Release|x64.Build.0 = Release|x64
		{5D2BF124-D2A8-41EA-8702-C8798BD9B4ED}.Release|x86.ActiveCfg = Release|Win32
		{5D2BF124-D2A8-41EA-8702-C8798BD9B4ED}.Release|x86.Build.0 = Release|Win32
		{AFFEEA06-D704-4736-B981-538EBE61EBC4}.Debug|x64.ActiveCfg = Debug|x64
		{AFFEEA06-D704-4736-B981-538EBE61EBC4}.Debug|x64.Build.0 = Debug|x64
		{AFFEEA06-D704-4736-B981-538EBE61EBC4}.Debug|x86.ActiveCfg = Debug|Win32
		{AFFEEA06-D704-4736-B981-538EBE61EBC4}.Debug|x86.Build.0 = Debug|Win32
		{AFFEEA06-D704-4736-B981-538EBE61EBC4}.Release|x64.ActiveCfg = Release|x64
		{AFFEEA06-D704-4736-B981-538EBE61EBC4}.Release|x64.Build.0 = Release|x64
		{AFFEEA06-D704-4736-B981-538EBE61EBC4}.Release|x86.ActiveCfg = Release|Win32
		{AFFEEA06-D704-4736-B981-538EBE61EBC4}.Release|x86.Build.0 = Release|Win32
		{F0F920A5-4BD4-409F-9681-1FD0F82B638C}.Debug|x64.ActiveCfg = Debug|x64
		{F0F920A5-4BD4-409F-9681-1FD0F82B638C}.Debug|x64.Build.0 = Debug|x64
		{F0F920A5-4BD4-409F-9681-1FD0F82B638C}.Debug|x86.ActiveCfg = Debug|Win32
		{F0F920A5-4BD4-409F-9681-1FD0F82B638C}.Debug|x86.Build.0 = Debug|Win32
		{F0F920A5-4BD4-409F-9681-1FD0F82B638C}.Release|x64.ActiveCfg = Release|x64
		{F0F920A5-4BD4-409F-9681-1FD0F82B638C}.Release|x64.Build.0 = Release|x64
		{F0F920A5-4BD4-409F-9681-1FD0F82B638C}.Release|x86.ActiveCfg = Release|Win32
		{F0F920A5-4BD4-409F-9681-1FD0F82B638C}.Release|x86.Build.0 = Release|Win32
		{2CAE95E6-1A40-44CF-8866-CE3EF65FEC20}.Debug|x64.ActiveCfg = Debug|x64
		{2CAE95E6-1A40-44CF-8866-CE3EF65FEC20}.Debug|x64.Build.0 = Debug|x64
		{2CAE95E6-1A40-44CF-8866-CE3EF65FEC20}.Debug|x86.ActiveCfg = Debug|Win32
		{2CAE95E6-1A40-44CF-8866-CE3EF65FEC20}.Debug|x86.Build.0 = Debug|Win32
		{2CAE95E6-1A40-44CF-8866-CE3EF65FEC20}.Release|x64.ActiveCfg = Release|x64
		{2CAE95E6-1A40-44CF-8866-CE3EF65FEC20}.Release|x64.Build.0 = Release|x64
		{2CAE95E6-1A40-44CF-8866-CE3EF65FEC20}.Release|x86.ActiveCfg = Release|Win32
		{2CAE95E6-1A40-44CF-8866-CE3EF65FEC20}.Release|x86.Build.0 = Release|Win32
		{EC581CF3-4A56-4331-8203-25A691A7F81D}.Debug|x64.ActiveCfg = Debug|x64
		{EC581CF3-4A56-4331-8203-25A691A7F81D}.Debug|x64.Build.0 = Debug|x64
		{EC581CF3-4A56-4331-8203-25A691A7F81D}.Debug|x86.ActiveCfg = Debug|x64
		{EC581CF3-4A56-4331-8203-25A691A7F81D}.Release|x64.ActiveCfg = Release|x64
		{EC581CF3-4A56-4331-8203-25A691A7F81D}.Release|x64.Build.0 = Release|x64
		{EC581CF3-4A56-4331-8203-25A691A7F81D}.Release|x86.ActiveCfg = Release|x64
		{31F10704-990B-4CC4-B4AF-A66EBB2CD5E5}.Debug|x64.ActiveCfg = Debug|x64
		{31F10704-990B-4CC4-B4AF-A66EBB2CD5E5}.Debug|x64.Build.0 = Debug|x64
		{31F10704-990B-4CC4-B4AF-A66EBB2CD5E5}.Debug|x86.ActiveCfg = Debug|Win32
		{31F10704-990B-4CC4-B4AF-A66EBB2CD5E5}.Debug|x86.Build.0 = Debug|Win32
		{31F10704-990B-4CC4-B4AF-A66EBB2CD5E5}.Release|x64.ActiveCfg = Release|x64
		{31F10704-990B-4CC4-B4AF-A66EBB2CD5E5}.Release|x64.Build.0 = Release|x64
		{31F10704-990B-4CC4-B4AF-A66EBB2CD5E5}.Release|x86.ActiveCfg = Release|Win32
		{31F10704-990B-4CC4-B4AF-A66EBB2CD5E5}.Release|x86.Build.0 = Release|Win32
	EndGlobalSection
	GlobalSection(SolutionProperties) = preSolution
		HideSolutionNode = FALSE
	EndGlobalSection
	GlobalSection(NestedProjects) = preSolution
		{5D2BF124-D2A8-41EA-8702-C8798BD9B4ED} = {080B746A-21AD-4D76-A59C-9CBCA0712475}
		{AFFEEA06-D704-4736-B981-538EBE61EBC4} = {77D15DF6-BE42-448F-8489-8702B77D4B1C}
		{F0F920A5-4BD4-409F-9681-1FD0F82B638C} = {45C80B40-E9B2-4BE3-AC19-71770617D2B5}
		{2CAE95E6-1A40-44CF-8866-CE3EF65FEC20} = {45C80B40-E9B2-4BE3-AC19-71770617D2B5}
		{EC581CF3-4A56-4331-8203-25A691A7F81D} = {091446E8-EFBB-4607-8B72-320D27865E90}
		{31F10704-990B-4CC4-B4AF-A66EBB2CD5E5} = {091446E8-EFBB-4607-8B72-320D27865E90}
	EndGlobalSection
EndGlobal
