
Microsoft Visual Studio Solution File, Format Version 12.00
# Visual Studio 14
VisualStudioVersion = 14.0.25420.1
MinimumVisualStudioVersion = 10.0.40219.1
Project("{2150E333-8FDC-42A3-9474-1A3956D46DE8}") = "INFO", "INFO", "{3BA16D1B-BF83-4CFE-A07B-06B8A0BA5D6C}"
	ProjectSection(SolutionItems) = preProject
		README.md = README.md
	EndProjectSection
EndProject
Project("{8BC9CEB8-8B4A-11D0-8D11-00A0C91BC942}") = "LocalRef", "LocalRef\LocalRef.vcxproj", "{2B7D46E2-776A-4BC7-A450-B1AD00B75B4E}"
EndProject
Project("{8BC9CEB8-8B4A-11D0-8D11-00A0C91BC942}") = "TempForTest", "TempForTest\TempForTest.vcxproj", "{14772DC6-7B95-47C4-BAB9-9D7A53D5F787}"
EndProject
Project("{2150E333-8FDC-42A3-9474-1A3956D46DE8}") = "ProtoBuf", "ProtoBuf", "{77D15DF6-BE42-448F-8489-8702B77D4B1C}"
EndProject
Project("{2150E333-8FDC-42A3-9474-1A3956D46DE8}") = "GFlags", "GFlags", "{080B746A-21AD-4D76-A59C-9CBCA0712475}"
EndProject
Project("{8BC9CEB8-8B4A-11D0-8D11-00A0C91BC942}") = "GFlags01_Basic", "GFlags01_Basic\GFlags01_Basic.vcxproj", "{5D2BF124-D2A8-41EA-8702-C8798BD9B4ED}"
EndProject
Project("{8BC9CEB8-8B4A-11D0-8D11-00A0C91BC942}") = "ProtoBuf01_ProtoBufBasic", "ProtoBuf01_ProtoBufBasic\ProtoBuf01_ProtoBufBasic.vcxproj", "{AFFEEA06-D704-4736-B981-538EBE61EBC4}"
EndProject
Project("{2150E333-8FDC-42A3-9474-1A3956D46DE8}") = "C++", "C++", "{45C80B40-E9B2-4BE3-AC19-71770617D2B5}"
EndProject
Project("{8BC9CEB8-8B4A-11D0-8D11-00A0C91BC942}") = "Eg03_CopyAndVirtualCopy", "Eg03_CopyAndVirtualCopy\Eg03_CopyAndVirtualCopy.vcxproj", "{F0F920A5-4BD4-409F-9681-1FD0F82B638C}"
EndProject
Project("{8BC9CEB8-8B4A-11D0-8D11-00A0C91BC942}") = "Eg01_Cpp11Basic", "Eg01_Cpp11Basic\Eg01_Cpp11Basic.vcxproj", "{2CAE95E6-1A40-44CF-8866-CE3EF65FEC20}"
EndProject
Project("{8BC9CEB8-8B4A-11D0-8D11-00A0C91BC942}") = "Eg02_Regex", "Eg02_Regex\Eg02_Regex.vcxproj", "{82A6AB03-4526-4E3B-9C4C-94BC50888301}"
EndProject
Project("{2150E333-8FDC-42A3-9474-1A3956D46DE8}") = "JSON", "JSON", "{D8B8E021-8149-4632-BE40-5658B1E3B611}"
EndProject
Project("{8BC9CEB8-8B4A-11D0-8D11-00A0C91BC942}") = "Json01_Test01", "Json01_Test01\Json01_Test01.vcxproj", "{CD0DFECD-A69F-49B3-9FD3-13AACF11F4FC}"
EndProject
Project("{2150E333-8FDC-42A3-9474-1A3956D46DE8}") = "GLog", "GLog", "{CB0CFA52-53FF-4A38-98AC-02358A341631}"
EndProject
Project("{8BC9CEB8-8B4A-11D0-8D11-00A0C91BC942}") = "GLog01_Basic", "GLog01_Basic\GLog01_Basic.vcxproj", "{F7FE865F-A7BC-4463-BB2C-6861635E0F90}"
EndProject
Project("{2150E333-8FDC-42A3-9474-1A3956D46DE8}") = "Ceres", "Ceres", "{4C3CDDAC-A69E-4AFA-B54F-6B4A52D6B45A}"
EndProject
Project("{8BC9CEB8-8B4A-11D0-8D11-00A0C91BC942}") = "Ceres01_HelloWorld", "Ceres01_HelloWorld\Ceres01_HelloWorld.vcxproj", "{D56026DD-FC96-4989-BC17-EA43768F4CD3}"
EndProject
Project("{8BC9CEB8-8B4A-11D0-8D11-00A0C91BC942}") = "Ceres02_Powell", "Ceres02_Powell\Ceres02_Powell.vcxproj", "{6FED4245-C945-4FD4-80E4-D420D4C03AFF}"
EndProject
Project("{8BC9CEB8-8B4A-11D0-8D11-00A0C91BC942}") = "Ceres03_CurveFitting", "Ceres03_CurveFitting\Ceres03_CurveFitting.vcxproj", "{8EF1D1E4-9479-4C90-9D9D-9D59BDC0575B}"
EndProject
Global
	GlobalSection(SolutionConfigurationPlatforms) = preSolution
		Debug|x64 = Debug|x64
		Debug|x86 = Debug|x86
		Release|x64 = Release|x64
		Release|x86 = Release|x86
	EndGlobalSection
	GlobalSection(ProjectConfigurationPlatforms) = postSolution
		{2B7D46E2-776A-4BC7-A450-B1AD00B75B4E}.Debug|x64.ActiveCfg = Debug|x64
		{2B7D46E2-776A-4BC7-A450-B1AD00B75B4E}.Debug|x64.Build.0 = Debug|x64
		{2B7D46E2-776A-4BC7-A450-B1AD00B75B4E}.Debug|x86.ActiveCfg = Debug|Win32
		{2B7D46E2-776A-4BC7-A450-B1AD00B75B4E}.Debug|x86.Build.0 = Debug|Win32
		{2B7D46E2-776A-4BC7-A450-B1AD00B75B4E}.Release|x64.ActiveCfg = Release|x64
		{2B7D46E2-776A-4BC7-A450-B1AD00B75B4E}.Release|x64.Build.0 = Release|x64
		{2B7D46E2-776A-4BC7-A450-B1AD00B75B4E}.Release|x86.ActiveCfg = Release|Win32
		{2B7D46E2-776A-4BC7-A450-B1AD00B75B4E}.Release|x86.Build.0 = Release|Win32
		{14772DC6-7B95-47C4-BAB9-9D7A53D5F787}.Debug|x64.ActiveCfg = Debug|x64
		{14772DC6-7B95-47C4-BAB9-9D7A53D5F787}.Debug|x64.Build.0 = Debug|x64
		{14772DC6-7B95-47C4-BAB9-9D7A53D5F787}.Debug|x86.ActiveCfg = Debug|Win32
		{14772DC6-7B95-47C4-BAB9-9D7A53D5F787}.Debug|x86.Build.0 = Debug|Win32
		{14772DC6-7B95-47C4-BAB9-9D7A53D5F787}.Release|x64.ActiveCfg = Release|x64
		{14772DC6-7B95-47C4-BAB9-9D7A53D5F787}.Release|x64.Build.0 = Release|x64
		{14772DC6-7B95-47C4-BAB9-9D7A53D5F787}.Release|x86.ActiveCfg = Release|Win32
		{14772DC6-7B95-47C4-BAB9-9D7A53D5F787}.Release|x86.Build.0 = Release|Win32
		{5D2BF124-D2A8-41EA-8702-C8798BD9B4ED}.Debug|x64.ActiveCfg = Debug|x64
		{5D2BF124-D2A8-41EA-8702-C8798BD9B4ED}.Debug|x64.Build.0 = Debug|x64
		{5D2BF124-D2A8-41EA-8702-C8798BD9B4ED}.Debug|x86.ActiveCfg = Debug|Win32
		{5D2BF124-D2A8-41EA-8702-C8798BD9B4ED}.Debug|x86.Build.0 = Debug|Win32
		{5D2BF124-D2A8-41EA-8702-C8798BD9B4ED}.Release|x64.ActiveCfg = Release|x64
		{5D2BF124-D2A8-41EA-8702-C8798BD9B4ED}.Release|x64.Build.0 = Release|x64
		{5D2BF124-D2A8-41EA-8702-C8798BD9B4ED}.Release|x86.ActiveCfg = Release|Win32
		{5D2BF124-D2A8-41EA-8702-C8798BD9B4ED}.Release|x86.Build.0 = Release|Win32
		{AFFEEA06-D704-4736-B981-538EBE61EBC4}.Debug|x64.ActiveCfg = Debug|x64
		{AFFEEA06-D704-4736-B981-538EBE61EBC4}.Debug|x64.Build.0 = Debug|x64
		{AFFEEA06-D704-4736-B981-538EBE61EBC4}.Debug|x86.ActiveCfg = Debug|Win32
		{AFFEEA06-D704-4736-B981-538EBE61EBC4}.Debug|x86.Build.0 = Debug|Win32
		{AFFEEA06-D704-4736-B981-538EBE61EBC4}.Release|x64.ActiveCfg = Release|x64
		{AFFEEA06-D704-4736-B981-538EBE61EBC4}.Release|x64.Build.0 = Release|x64
		{AFFEEA06-D704-4736-B981-538EBE61EBC4}.Release|x86.ActiveCfg = Release|Win32
		{AFFEEA06-D704-4736-B981-538EBE61EBC4}.Release|x86.Build.0 = Release|Win32
		{F0F920A5-4BD4-409F-9681-1FD0F82B638C}.Debug|x64.ActiveCfg = Debug|x64
		{F0F920A5-4BD4-409F-9681-1FD0F82B638C}.Debug|x64.Build.0 = Debug|x64
		{F0F920A5-4BD4-409F-9681-1FD0F82B638C}.Debug|x86.ActiveCfg = Debug|Win32
		{F0F920A5-4BD4-409F-9681-1FD0F82B638C}.Debug|x86.Build.0 = Debug|Win32
		{F0F920A5-4BD4-409F-9681-1FD0F82B638C}.Release|x64.ActiveCfg = Release|x64
		{F0F920A5-4BD4-409F-9681-1FD0F82B638C}.Release|x64.Build.0 = Release|x64
		{F0F920A5-4BD4-409F-9681-1FD0F82B638C}.Release|x86.ActiveCfg = Release|Win32
		{F0F920A5-4BD4-409F-9681-1FD0F82B638C}.Release|x86.Build.0 = Release|Win32
		{2CAE95E6-1A40-44CF-8866-CE3EF65FEC20}.Debug|x64.ActiveCfg = Debug|x64
		{2CAE95E6-1A40-44CF-8866-CE3EF65FEC20}.Debug|x64.Build.0 = Debug|x64
		{2CAE95E6-1A40-44CF-8866-CE3EF65FEC20}.Debug|x86.ActiveCfg = Debug|Win32
		{2CAE95E6-1A40-44CF-8866-CE3EF65FEC20}.Debug|x86.Build.0 = Debug|Win32
		{2CAE95E6-1A40-44CF-8866-CE3EF65FEC20}.Release|x64.ActiveCfg = Release|x64
		{2CAE95E6-1A40-44CF-8866-CE3EF65FEC20}.Release|x64.Build.0 = Release|x64
		{2CAE95E6-1A40-44CF-8866-CE3EF65FEC20}.Release|x86.ActiveCfg = Release|Win32
		{2CAE95E6-1A40-44CF-8866-CE3EF65FEC20}.Release|x86.Build.0 = Release|Win32
		{82A6AB03-4526-4E3B-9C4C-94BC50888301}.Debug|x64.ActiveCfg = Debug|x64
		{82A6AB03-4526-4E3B-9C4C-94BC50888301}.Debug|x64.Build.0 = Debug|x64
		{82A6AB03-4526-4E3B-9C4C-94BC50888301}.Debug|x86.ActiveCfg = Debug|Win32
		{82A6AB03-4526-4E3B-9C4C-94BC50888301}.Debug|x86.Build.0 = Debug|Win32
		{82A6AB03-4526-4E3B-9C4C-94BC50888301}.Release|x64.ActiveCfg = Release|x64
		{82A6AB03-4526-4E3B-9C4C-94BC50888301}.Release|x64.Build.0 = Release|x64
		{82A6AB03-4526-4E3B-9C4C-94BC50888301}.Release|x86.ActiveCfg = Release|Win32
		{82A6AB03-4526-4E3B-9C4C-94BC50888301}.Release|x86.Build.0 = Release|Win32
		{CD0DFECD-A69F-49B3-9FD3-13AACF11F4FC}.Debug|x64.ActiveCfg = Debug|x64
		{CD0DFECD-A69F-49B3-9FD3-13AACF11F4FC}.Debug|x64.Build.0 = Debug|x64
		{CD0DFECD-A69F-49B3-9FD3-13AACF11F4FC}.Debug|x86.ActiveCfg = Debug|Win32
		{CD0DFECD-A69F-49B3-9FD3-13AACF11F4FC}.Debug|x86.Build.0 = Debug|Win32
		{CD0DFECD-A69F-49B3-9FD3-13AACF11F4FC}.Release|x64.ActiveCfg = Release|x64
		{CD0DFECD-A69F-49B3-9FD3-13AACF11F4FC}.Release|x64.Build.0 = Release|x64
		{CD0DFECD-A69F-49B3-9FD3-13AACF11F4FC}.Release|x86.ActiveCfg = Release|Win32
		{CD0DFECD-A69F-49B3-9FD3-13AACF11F4FC}.Release|x86.Build.0 = Release|Win32
		{F7FE865F-A7BC-4463-BB2C-6861635E0F90}.Debug|x64.ActiveCfg = Debug|x64
		{F7FE865F-A7BC-4463-BB2C-6861635E0F90}.Debug|x64.Build.0 = Debug|x64
		{F7FE865F-A7BC-4463-BB2C-6861635E0F90}.Debug|x86.ActiveCfg = Debug|Win32
		{F7FE865F-A7BC-4463-BB2C-6861635E0F90}.Debug|x86.Build.0 = Debug|Win32
		{F7FE865F-A7BC-4463-BB2C-6861635E0F90}.Release|x64.ActiveCfg = Release|x64
		{F7FE865F-A7BC-4463-BB2C-6861635E0F90}.Release|x64.Build.0 = Release|x64
		{F7FE865F-A7BC-4463-BB2C-6861635E0F90}.Release|x86.ActiveCfg = Release|Win32
		{F7FE865F-A7BC-4463-BB2C-6861635E0F90}.Release|x86.Build.0 = Release|Win32
		{D56026DD-FC96-4989-BC17-EA43768F4CD3}.Debug|x64.ActiveCfg = Debug|x64
		{D56026DD-FC96-4989-BC17-EA43768F4CD3}.Debug|x64.Build.0 = Debug|x64
		{D56026DD-FC96-4989-BC17-EA43768F4CD3}.Debug|x86.ActiveCfg = Debug|Win32
		{D56026DD-FC96-4989-BC17-EA43768F4CD3}.Debug|x86.Build.0 = Debug|Win32
		{D56026DD-FC96-4989-BC17-EA43768F4CD3}.Release|x64.ActiveCfg = Release|x64
		{D56026DD-FC96-4989-BC17-EA43768F4CD3}.Release|x64.Build.0 = Release|x64
		{D56026DD-FC96-4989-BC17-EA43768F4CD3}.Release|x86.ActiveCfg = Release|Win32
		{D56026DD-FC96-4989-BC17-EA43768F4CD3}.Release|x86.Build.0 = Release|Win32
		{6FED4245-C945-4FD4-80E4-D420D4C03AFF}.Debug|x64.ActiveCfg = Debug|x64
		{6FED4245-C945-4FD4-80E4-D420D4C03AFF}.Debug|x64.Build.0 = Debug|x64
		{6FED4245-C945-4FD4-80E4-D420D4C03AFF}.Debug|x86.ActiveCfg = Debug|Win32
		{6FED4245-C945-4FD4-80E4-D420D4C03AFF}.Debug|x86.Build.0 = Debug|Win32
		{6FED4245-C945-4FD4-80E4-D420D4C03AFF}.Release|x64.ActiveCfg = Release|x64
		{6FED4245-C945-4FD4-80E4-D420D4C03AFF}.Release|x64.Build.0 = Release|x64
		{6FED4245-C945-4FD4-80E4-D420D4C03AFF}.Release|x86.ActiveCfg = Release|Win32
		{6FED4245-C945-4FD4-80E4-D420D4C03AFF}.Release|x86.Build.0 = Release|Win32
		{8EF1D1E4-9479-4C90-9D9D-9D59BDC0575B}.Debug|x64.ActiveCfg = Debug|x64
		{8EF1D1E4-9479-4C90-9D9D-9D59BDC0575B}.Debug|x64.Build.0 = Debug|x64
		{8EF1D1E4-9479-4C90-9D9D-9D59BDC0575B}.Debug|x86.ActiveCfg = Debug|Win32
		{8EF1D1E4-9479-4C90-9D9D-9D59BDC0575B}.Debug|x86.Build.0 = Debug|Win32
		{8EF1D1E4-9479-4C90-9D9D-9D59BDC0575B}.Release|x64.ActiveCfg = Release|x64
		{8EF1D1E4-9479-4C90-9D9D-9D59BDC0575B}.Release|x64.Build.0 = Release|x64
		{8EF1D1E4-9479-4C90-9D9D-9D59BDC0575B}.Release|x86.ActiveCfg = Release|Win32
		{8EF1D1E4-9479-4C90-9D9D-9D59BDC0575B}.Release|x86.Build.0 = Release|Win32
	EndGlobalSection
	GlobalSection(SolutionProperties) = preSolution
		HideSolutionNode = FALSE
	EndGlobalSection
	GlobalSection(NestedProjects) = preSolution
		{5D2BF124-D2A8-41EA-8702-C8798BD9B4ED} = {080B746A-21AD-4D76-A59C-9CBCA0712475}
		{AFFEEA06-D704-4736-B981-538EBE61EBC4} = {77D15DF6-BE42-448F-8489-8702B77D4B1C}
		{F0F920A5-4BD4-409F-9681-1FD0F82B638C} = {45C80B40-E9B2-4BE3-AC19-71770617D2B5}
		{2CAE95E6-1A40-44CF-8866-CE3EF65FEC20} = {45C80B40-E9B2-4BE3-AC19-71770617D2B5}
		{82A6AB03-4526-4E3B-9C4C-94BC50888301} = {45C80B40-E9B2-4BE3-AC19-71770617D2B5}
		{CD0DFECD-A69F-49B3-9FD3-13AACF11F4FC} = {D8B8E021-8149-4632-BE40-5658B1E3B611}
		{F7FE865F-A7BC-4463-BB2C-6861635E0F90} = {CB0CFA52-53FF-4A38-98AC-02358A341631}
		{D56026DD-FC96-4989-BC17-EA43768F4CD3} = {4C3CDDAC-A69E-4AFA-B54F-6B4A52D6B45A}
		{6FED4245-C945-4FD4-80E4-D420D4C03AFF} = {4C3CDDAC-A69E-4AFA-B54F-6B4A52D6B45A}
		{8EF1D1E4-9479-4C90-9D9D-9D59BDC0575B} = {4C3CDDAC-A69E-4AFA-B54F-6B4A52D6B45A}
	EndGlobalSection
EndGlobal
